<?xml version="1.0" encoding="utf-8"?>
<Project ToolsVersion="4.0" xmlns="http://schemas.microsoft.com/developer/msbuild/2003">
  <ItemGroup>
    <ClInclude Include="3rd-party\imgui\imgui.h">
      <Filter>3rd-party</Filter>
    </ClInclude>
    <ClInclude Include="3rd-party\imgui\imgui_internal.h">
      <Filter>3rd-party</Filter>
    </ClInclude>
    <ClInclude Include="imgui-impl-opengl3.h">
      <Filter>3rd-party</Filter>
    </ClInclude>
    <ClInclude Include="imgui-impl-opengl3-loader.h">
      <Filter>3rd-party</Filter>
    </ClInclude>
    <ClInclude Include="imgui-impl-sdl.h">
      <Filter>3rd-party</Filter>
    </ClInclude>
    <ClInclude Include="imgui-impl-sdlrenderer.h">
      <Filter>3rd-party</Filter>
    </ClInclude>
    <ClInclude Include="3rd-party\imgui\imstb_rectpack.h">
      <Filter>3rd-party</Filter>
    </ClInclude>
    <ClInclude Include="3rd-party\imgui\imstb_textedit.h">
      <Filter>3rd-party</Filter>
    </ClInclude>
    <ClInclude Include="3rd-party\imgui\imstb_truetype.h">
      <Filter>3rd-party</Filter>
    </ClInclude>
    <ClInclude Include="3rd-party\glm\glm\integer.hpp">
      <Filter>3rd-party</Filter>
    </ClInclude>
    <ClInclude Include="3rd-party\glm\glm\glm.hpp">
      <Filter>3rd-party</Filter>
    </ClInclude>
    <ClInclude Include="3rd-party\imgui\imconfig.h">
      <Filter>3rd-party</Filter>
    </ClInclude>
    <ClInclude Include="3rd-party\glm\glm\fwd.hpp">
      <Filter>3rd-party</Filter>
    </ClInclude>
    <ClInclude Include="3rd-party\glm\glm\mat2x2.hpp">
      <Filter>3rd-party</Filter>
    </ClInclude>
    <ClInclude Include="3rd-party\glm\glm\mat2x3.hpp">
      <Filter>3rd-party</Filter>
    </ClInclude>
    <ClInclude Include="3rd-party\glm\glm\mat2x4.hpp">
      <Filter>3rd-party</Filter>
    </ClInclude>
    <ClInclude Include="3rd-party\glm\glm\mat3x2.hpp">
      <Filter>3rd-party</Filter>
    </ClInclude>
    <ClInclude Include="3rd-party\glm\glm\mat3x3.hpp">
      <Filter>3rd-party</Filter>
    </ClInclude>
    <ClInclude Include="3rd-party\glm\glm\mat3x4.hpp">
      <Filter>3rd-party</Filter>
    </ClInclude>
    <ClInclude Include="3rd-party\glm\glm\mat4x2.hpp">
      <Filter>3rd-party</Filter>
    </ClInclude>
    <ClInclude Include="3rd-party\glm\glm\mat4x3.hpp">
      <Filter>3rd-party</Filter>
    </ClInclude>
    <ClInclude Include="3rd-party\glm\glm\mat4x4.hpp">
      <Filter>3rd-party</Filter>
    </ClInclude>
    <ClInclude Include="3rd-party\glm\glm\matrix.hpp">
      <Filter>3rd-party</Filter>
    </ClInclude>
    <ClInclude Include="stb\stb_c_lexer.h">
      <Filter>3rd-party</Filter>
    </ClInclude>
    <ClInclude Include="stb\stb_connected_components.h">
      <Filter>3rd-party</Filter>
    </ClInclude>
    <ClInclude Include="stb\stb_divide.h">
      <Filter>3rd-party</Filter>
    </ClInclude>
    <ClInclude Include="stb\stb_ds.h">
      <Filter>3rd-party</Filter>
    </ClInclude>
    <ClInclude Include="stb\stb_dxt.h">
      <Filter>3rd-party</Filter>
    </ClInclude>
    <ClInclude Include="stb\stb_easy_font.h">
      <Filter>3rd-party</Filter>
    </ClInclude>
    <ClInclude Include="stb\stb_herringbone_wang_tile.h">
      <Filter>3rd-party</Filter>
    </ClInclude>
    <ClInclude Include="stb\stb_hexwave.h">
      <Filter>3rd-party</Filter>
    </ClInclude>
    <ClInclude Include="stb\stb_image.h">
      <Filter>3rd-party</Filter>
    </ClInclude>
    <ClInclude Include="stb\stb_image_resize.h">
      <Filter>3rd-party</Filter>
    </ClInclude>
    <ClInclude Include="stb\stb_image_write.h">
      <Filter>3rd-party</Filter>
    </ClInclude>
    <ClInclude Include="stb\stb_include.h">
      <Filter>3rd-party</Filter>
    </ClInclude>
    <ClInclude Include="stb\stb_leakcheck.h">
      <Filter>3rd-party</Filter>
    </ClInclude>
    <ClInclude Include="stb\stb_perlin.h">
      <Filter>3rd-party</Filter>
    </ClInclude>
    <ClInclude Include="stb\stb_rect_pack.h">
      <Filter>3rd-party</Filter>
    </ClInclude>
    <ClInclude Include="stb\stb_sprintf.h">
      <Filter>3rd-party</Filter>
    </ClInclude>
    <ClInclude Include="stb\stb_textedit.h">
      <Filter>3rd-party</Filter>
    </ClInclude>
    <ClInclude Include="stb\stb_tilemap_editor.h">
      <Filter>3rd-party</Filter>
    </ClInclude>
    <ClInclude Include="stb\stb_truetype.h">
      <Filter>3rd-party</Filter>
    </ClInclude>
    <ClInclude Include="stb\stb_voxel_render.h">
      <Filter>3rd-party</Filter>
    </ClInclude>
    <ClInclude Include="3rd-party\glm\glm\vec2.hpp">
      <Filter>3rd-party</Filter>
    </ClInclude>
    <ClInclude Include="3rd-party\glm\glm\vec3.hpp">
      <Filter>3rd-party</Filter>
    </ClInclude>
    <ClInclude Include="3rd-party\glm\glm\vec4.hpp">
      <Filter>3rd-party</Filter>
    </ClInclude>
    <ClInclude Include="3rd-party\glm\glm\vector_relational.hpp">
      <Filter>3rd-party</Filter>
    </ClInclude>
    <ClInclude Include="3rd-party\glm\glm\trigonometric.hpp">
      <Filter>3rd-party</Filter>
    </ClInclude>
    <ClInclude Include="3rd-party\glm\glm\common.hpp">
      <Filter>3rd-party</Filter>
    </ClInclude>
    <ClInclude Include="3rd-party\glm\glm\ext.hpp">
      <Filter>3rd-party</Filter>
    </ClInclude>
    <ClInclude Include="3rd-party\ser\ostrm.hpp">
      <Filter>3rd-party</Filter>
    </ClInclude>
    <ClInclude Include="3rd-party\ser\overloaded.hpp">
      <Filter>3rd-party</Filter>
    </ClInclude>
    <ClInclude Include="3rd-party\glm\glm\packing.hpp">
      <Filter>3rd-party</Filter>
    </ClInclude>
    <ClInclude Include="3rd-party\sdlpp\sdlpp.hpp">
      <Filter>3rd-party</Filter>
    </ClInclude>
    <ClInclude Include="3rd-party\ser\ser.hpp">
      <Filter>3rd-party</Filter>
    </ClInclude>
    <ClInclude Include="3rd-party\ser\proto.hpp">
      <Filter>3rd-party</Filter>
    </ClInclude>
    <ClInclude Include="3rd-party\glm\glm\exponential.hpp">
      <Filter>3rd-party</Filter>
    </ClInclude>
    <ClInclude Include="3rd-party\glm\glm\geometric.hpp">
      <Filter>3rd-party</Filter>
    </ClInclude>
    <ClInclude Include="add-as-dialog.hpp" />
    <ClInclude Include="anim-sprite.hpp" />
    <ClInclude Include="app.hpp" />
    <ClInclude Include="audio-in.hpp" />
    <ClInclude Include="audio-level.hpp" />
    <ClInclude Include="audio-out.hpp" />
    <ClInclude Include="audio-sink.hpp" />
    <ClInclude Include="azure-tts.hpp" />
    <ClInclude Include="bouncer.hpp" />
    <ClInclude Include="bouncer2.hpp" />
    <ClInclude Include="channel-dialog.hpp" />
    <ClInclude Include="chat.hpp" />
    <ClInclude Include="dialog.hpp" />
    <ClInclude Include="eye.hpp" />
    <ClInclude Include="file-open.hpp" />
    <ClInclude Include="font.hpp" />
    <ClInclude Include="lib.hpp" />
    <ClInclude Include="message-dialog.hpp" />
    <ClInclude Include="mouse-sink.hpp" />
    <ClInclude Include="mouse-tracking.hpp" />
    <ClInclude Include="mouth.hpp" />
    <ClInclude Include="node.hpp" />
    <ClInclude Include="preferences-dialog.hpp" />
    <ClInclude Include="preferences.hpp" />
    <ClInclude Include="prj-dialog.hpp" />
    <ClInclude Include="root.hpp" />
    <ClInclude Include="save-factory.hpp" />
    <ClInclude Include="sprite.hpp" />
    <ClInclude Include="texture.hpp" />
    <ClInclude Include="twitch-sink.hpp" />
    <ClInclude Include="twitch.hpp" />
    <ClInclude Include="ui.hpp" />
    <ClInclude Include="undo.hpp" />
    <ClInclude Include="uv.hpp" />
    <ClInclude Include="viseme.hpp" />
    <ClInclude Include="visemes-sink.hpp" />
    <ClInclude Include="wav-2-visemes.hpp" />
    <ClInclude Include="wav.hpp" />
  </ItemGroup>
  <ItemGroup>
    <ClCompile Include="3rd-party\imgui\imgui.cpp">
      <Filter>3rd-party</Filter>
    </ClCompile>
    <ClCompile Include="3rd-party\imgui\imgui_demo.cpp">
      <Filter>3rd-party</Filter>
    </ClCompile>
    <ClCompile Include="3rd-party\imgui\imgui_draw.cpp">
      <Filter>3rd-party</Filter>
    </ClCompile>
    <ClCompile Include="3rd-party\imgui\imgui_tables.cpp">
      <Filter>3rd-party</Filter>
    </ClCompile>
    <ClCompile Include="3rd-party\imgui\imgui_widgets.cpp">
      <Filter>3rd-party</Filter>
    </ClCompile>
    <ClCompile Include="imgui-impl-opengl3.cpp">
      <Filter>3rd-party</Filter>
    </ClCompile>
    <ClCompile Include="imgui-impl-sdl.cpp">
      <Filter>3rd-party</Filter>
    </ClCompile>
    <ClCompile Include="imgui-impl-sdlrenderer.cpp">
      <Filter>3rd-party</Filter>
    </ClCompile>
    <ClCompile Include="stb\stb_vorbis.c">
      <Filter>3rd-party</Filter>
    </ClCompile>
    <ClCompile Include="3rd-party\ser\ser.cpp">
      <Filter>3rd-party</Filter>
    </ClCompile>
    <ClCompile Include="3rd-party\ser\proto.cpp">
      <Filter>3rd-party</Filter>
    </ClCompile>
    <ClCompile Include="add-as-dialog.cpp" />
    <ClCompile Include="anim-sprite.cpp" />
    <ClCompile Include="app.cpp" />
    <ClCompile Include="audio-in.cpp" />
    <ClCompile Include="audio-level.cpp" />
    <ClCompile Include="audio-out.cpp" />
    <ClCompile Include="azure-tts.cpp" />
    <ClCompile Include="bouncer.cpp" />
    <ClCompile Include="bouncer2.cpp" />
    <ClCompile Include="channel-dialog.cpp" />
    <ClCompile Include="chat.cpp" />
    <ClCompile Include="dialog.cpp" />
    <ClCompile Include="eye.cpp" />
    <ClCompile Include="file-open.cpp" />
    <ClCompile Include="font.cpp" />
    <ClCompile Include="lib.cpp" />
    <ClCompile Include="main.cpp" />
    <ClCompile Include="message-dialog.cpp" />
    <ClCompile Include="mouse-tracking.cpp" />
    <ClCompile Include="mouth.cpp" />
    <ClCompile Include="node.cpp" />
    <ClCompile Include="preferences-dialog.cpp" />
    <ClCompile Include="preferences.cpp" />
    <ClCompile Include="prj-dialog.cpp" />
    <ClCompile Include="root.cpp" />
    <ClCompile Include="save-factory.cpp" />
    <ClCompile Include="sprite.cpp" />
    <ClCompile Include="stb-image.cpp" />
    <ClCompile Include="texture.cpp" />
    <ClCompile Include="twitch.cpp" />
    <ClCompile Include="ui.cpp" />
    <ClCompile Include="undo.cpp" />
    <ClCompile Include="uv.cpp" />
    <ClCompile Include="wav-2-visemes.cpp" />
  </ItemGroup>
  <ItemGroup>
    <Filter Include="3rd-party">
      <UniqueIdentifier>{36d646fd-996c-4edb-a561-cea7eeaf2f61}</UniqueIdentifier>
    </Filter>
  </ItemGroup>
</Project>
